
Microsoft Visual Studio Solution File, Format Version 12.00
# Visual Studio Version 17
VisualStudioVersion = 17.2.32630.192
MinimumVisualStudioVersion = 10.0.40219.1
Project("{8BC9CEB8-8B4A-11D0-8D11-00A0C91BC942}") = "proyecto", "proyecto\proyecto.vcxproj", "{5D8E63EB-3995-4BF2-9451-1674EDEE26DE}"
EndProject
Global
	GlobalSection(SolutionConfigurationPlatforms) = preSolution
		Debug|x64 = Debug|x64
		Debug|x86 = Debug|x86
		Release|x64 = Release|x64
		Release|x86 = Release|x86
	EndGlobalSection
	GlobalSection(ProjectConfigurationPlatforms) = postSolution
		{5D8E63EB-3995-4BF2-9451-1674EDEE26DE}.Debug|x64.ActiveCfg = Debug|x64
		{5D8E63EB-3995-4BF2-9451-1674EDEE26DE}.Debug|x64.Build.0 = Debug|x64
		{5D8E63EB-3995-4BF2-9451-1674EDEE26DE}.Debug|x86.ActiveCfg = Debug|Win32
		{5D8E63EB-3995-4BF2-9451-1674EDEE26DE}.Debug|x86.Build.0 = Debug|Win32
		{5D8E63EB-3995-4BF2-9451-1674EDEE26DE}.Release|x64.ActiveCfg = Release|x64
		{5D8E63EB-3995-4BF2-9451-1674EDEE26DE}.Release|x64.Build.0 = Release|x64
		{5D8E63EB-3995-4BF2-9451-1674EDEE26DE}.Release|x86.ActiveCfg = Release|Win32
		{5D8E63EB-3995-4BF2-9451-1674EDEE26DE}.Release|x86.Build.0 = Release|Win32
	EndGlobalSection
	GlobalSection(SolutionProperties) = preSolution
		HideSolutionNode = FALSE
	EndGlobalSection
	GlobalSection(ExtensibilityGlobals) = postSolution
		SolutionGuid = {B0A08766-AC2E-4C12-A15C-0654FF7C2C23}
	EndGlobalSection
EndGlobal
